
Microsoft Visual Studio Solution File, Format Version 12.00
# Visual Studio Version 16
VisualStudioVersion = 16.0.30114.105
MinimumVisualStudioVersion = 10.0.40219.1
Project("{9A19103F-16F7-4668-BE54-9A1E7A4F7556}") = "Foods.Startup", "Foods\Foods.Startup\Foods.Startup.csproj", "{80D41B54-EA50-4304-BE7C-9CC514BD70CF}"
EndProject
Project("{9A19103F-16F7-4668-BE54-9A1E7A4F7556}") = "Notifications.Startup", "Notifications\Notifications.Startup\Notifications.Startup.csproj", "{E0409CC0-BD28-469E-A99D-E8EFABA513C7}"
EndProject
Project("{9A19103F-16F7-4668-BE54-9A1E7A4F7556}") = "Watchdog.Startup", "Watchdog\Watchdog.Startup\Watchdog.Startup.csproj", "{F0438D24-992B-40D5-9DF1-BE92DDC47712}"
EndProject
Project("{2150E333-8FDC-42A3-9474-1A3956D46DE8}") = "Common", "Common", "{91C1E181-9AF5-4E43-9258-6C39264F3508}"
EndProject
Project("{9A19103F-16F7-4668-BE54-9A1E7A4F7556}") = "Common.Domain", "Common\Common.Domain\Common.Domain.csproj", "{7CCA0748-4518-4D95-9253-2CB945D9B0A0}"
EndProject
Project("{9A19103F-16F7-4668-BE54-9A1E7A4F7556}") = "Common.Application", "Common\Common.Application\Common.Application.csproj", "{8ABFCA68-95F2-4C6B-A0F2-A2F1A0EF267E}"
EndProject
Project("{9A19103F-16F7-4668-BE54-9A1E7A4F7556}") = "Common.Infrastructure", "Common\Common.Infrastructure\Common.Infrastructure.csproj", "{D02B9262-A1D0-460D-B4B5-8BF72F126F2E}"
EndProject
Project("{9A19103F-16F7-4668-BE54-9A1E7A4F7556}") = "Common.Web", "Common\Common.Web\Common.Web.csproj", "{51E07266-61A9-45DF-B6B3-251B1E43156C}"
EndProject
Project("{2150E333-8FDC-42A3-9474-1A3956D46DE8}") = "Foods", "Foods", "{EB62E4AB-7476-4B8F-8F66-D4E7C234FFCA}"
EndProject
Project("{9A19103F-16F7-4668-BE54-9A1E7A4F7556}") = "Foods.Domain", "Foods\Foods.Domain\Foods.Domain.csproj", "{7C9E24A3-A43F-4AFB-BE3C-DBB0A1DD0F66}"
EndProject
Project("{9A19103F-16F7-4668-BE54-9A1E7A4F7556}") = "Foods.Application", "Foods\Foods.Application\Foods.Application.csproj", "{3F106C98-9576-41DA-A42E-283211C7CB24}"
EndProject
Project("{9A19103F-16F7-4668-BE54-9A1E7A4F7556}") = "Foods.Infrastructure", "Foods\Foods.Infrastructure\Foods.Infrastructure.csproj", "{498D27AF-C4FC-4AFC-8720-0CDFD8EEFCEF}"
EndProject
Project("{9A19103F-16F7-4668-BE54-9A1E7A4F7556}") = "Foods.Web", "Foods\Foods.Web\Foods.Web.csproj", "{6A0F035A-9DB5-42C0-9254-D1AA22F5F44B}"
EndProject
Project("{9A19103F-16F7-4668-BE54-9A1E7A4F7556}") = "Common.Startup", "Common\Common.Startup\Common.Startup.csproj", "{7BC4E7C5-F0F4-45FA-AC60-7315B8658C1D}"
EndProject
Project("{2150E333-8FDC-42A3-9474-1A3956D46DE8}") = "Statistics", "Statistics", "{6BD49019-48BB-45E3-8FE3-1F325FE36EF5}"
EndProject
Project("{9A19103F-16F7-4668-BE54-9A1E7A4F7556}") = "Statistics.Domain", "Statistics\Statistics.Domain\Statistics.Domain.csproj", "{41394A04-481E-4D05-A8B6-83E4FB1AB943}"
EndProject
Project("{9A19103F-16F7-4668-BE54-9A1E7A4F7556}") = "Statistics.Application", "Statistics\Statistics.Application\Statistics.Application.csproj", "{645EC654-DEF1-4E7C-A599-2C5A51583D2C}"
EndProject
Project("{9A19103F-16F7-4668-BE54-9A1E7A4F7556}") = "Statistics.Infrastructure", "Statistics\Statistics.Infrastructure\Statistics.Infrastructure.csproj", "{57B07A2D-3340-427E-B2A8-AE939346A2C0}"
EndProject
Project("{9A19103F-16F7-4668-BE54-9A1E7A4F7556}") = "Statistics.Web", "Statistics\Statistics.Web\Statistics.Web.csproj", "{62A349E8-AF2D-4F2F-BD1E-0B4536B3B676}"
EndProject
Project("{9A19103F-16F7-4668-BE54-9A1E7A4F7556}") = "Statistics.Startup", "Statistics\Statistics.Startup\Statistics.Startup.csproj", "{EFBADD3A-C4FE-4786-9966-DEF082DBBA39}"
EndProject
Project("{2150E333-8FDC-42A3-9474-1A3956D46DE8}") = "Identity", "Identity", "{6701B36E-DEB2-4B0D-A7F4-BE1CE90399DD}"
EndProject
Project("{9A19103F-16F7-4668-BE54-9A1E7A4F7556}") = "Identity.Application", "Identity\Identity.Application\Identity.Application.csproj", "{DC4A385A-2E2A-4B03-B508-1BB0C51857AA}"
EndProject
Project("{9A19103F-16F7-4668-BE54-9A1E7A4F7556}") = "Identity.Web", "Identity\Identity.Web\Identity.Web.csproj", "{FBA3516F-EC67-4110-B59E-EB05DA31D14E}"
EndProject
Project("{9A19103F-16F7-4668-BE54-9A1E7A4F7556}") = "Identity.Infrastructure", "Identity\Identity.Infrastructure\Identity.Infrastructure.csproj", "{65BF55CE-DF12-49BA-840F-69F3FFDAF28C}"
EndProject
Project("{9A19103F-16F7-4668-BE54-9A1E7A4F7556}") = "Identity.Startup", "Identity\Identity.Startup\Identity.Startup.csproj", "{C4BC4458-E370-4C78-85F7-DF53DF94C8A7}"
EndProject
Project("{2150E333-8FDC-42A3-9474-1A3956D46DE8}") = "Cart", "Cart", "{A38CFE14-B8C7-4441-ADB5-45094A847C86}"
EndProject
Project("{9A19103F-16F7-4668-BE54-9A1E7A4F7556}") = "Cart.Domain", "Cart\Cart.Domain\Cart.Domain.csproj", "{C4CC4B08-FFD7-4493-AFBD-991E544B6DDB}"
EndProject
Project("{9A19103F-16F7-4668-BE54-9A1E7A4F7556}") = "Cart.Application", "Cart\Cart.Application\Cart.Application.csproj", "{1C2CB8F8-DDA6-4829-B854-9F03C7E304FB}"
EndProject
Project("{9A19103F-16F7-4668-BE54-9A1E7A4F7556}") = "Cart.Infrastructure", "Cart\Cart.Infrastructure\Cart.Infrastructure.csproj", "{1F93D6E2-C30C-42CB-B5D2-9FAB35118B40}"
EndProject
Project("{9A19103F-16F7-4668-BE54-9A1E7A4F7556}") = "Cart.Web", "Cart\Cart.Web\Cart.Web.csproj", "{397AFE0E-FD14-4528-85A6-0C1D6813FC93}"
EndProject
Project("{9A19103F-16F7-4668-BE54-9A1E7A4F7556}") = "Cart.Startup", "Cart\Cart.Startup\Cart.Startup.csproj", "{4C99F288-D534-4A47-A618-F66B1F291452}"
EndProject
Project("{2150E333-8FDC-42A3-9474-1A3956D46DE8}") = "Notifications", "Notifications", "{F2CC2EDA-AA8A-4760-9EE6-DAFC36B81905}"
EndProject
Project("{2150E333-8FDC-42A3-9474-1A3956D46DE8}") = "Watchdog", "Watchdog", "{ECD87C2C-89AD-41E5-9A21-13BD42BA7185}"
EndProject
Project("{2150E333-8FDC-42A3-9474-1A3956D46DE8}") = "Admin", "Admin", "{06AA89A0-163F-4705-A7D2-F69477AC7B3B}"
EndProject
Project("{9A19103F-16F7-4668-BE54-9A1E7A4F7556}") = "Admin.Startup", "Admin\Admin.Startup\Admin.Startup.csproj", "{5FC93AEA-A1FC-44EF-B32A-6A05083893E9}"
EndProject
Project("{2150E333-8FDC-42A3-9474-1A3956D46DE8}") = "Gateway", "Gateway", "{F2A5E9DE-CFCF-41F8-B58D-FAF792DA490D}"
EndProject
Project("{9A19103F-16F7-4668-BE54-9A1E7A4F7556}") = "Gateway.Startup", "Gateway\Gateway.Startup\Gateway.Startup.csproj", "{11660ABA-F267-46F4-A2C5-170D38AE4DD1}"
EndProject
Global
	GlobalSection(SolutionConfigurationPlatforms) = preSolution
		Debug|Any CPU = Debug|Any CPU
		Release|Any CPU = Release|Any CPU
	EndGlobalSection
	GlobalSection(ProjectConfigurationPlatforms) = postSolution
		{80D41B54-EA50-4304-BE7C-9CC514BD70CF}.Debug|Any CPU.ActiveCfg = Debug|Any CPU
		{80D41B54-EA50-4304-BE7C-9CC514BD70CF}.Debug|Any CPU.Build.0 = Debug|Any CPU
		{80D41B54-EA50-4304-BE7C-9CC514BD70CF}.Release|Any CPU.ActiveCfg = Release|Any CPU
		{80D41B54-EA50-4304-BE7C-9CC514BD70CF}.Release|Any CPU.Build.0 = Release|Any CPU
		{E0409CC0-BD28-469E-A99D-E8EFABA513C7}.Debug|Any CPU.ActiveCfg = Debug|Any CPU
		{E0409CC0-BD28-469E-A99D-E8EFABA513C7}.Debug|Any CPU.Build.0 = Debug|Any CPU
		{E0409CC0-BD28-469E-A99D-E8EFABA513C7}.Release|Any CPU.ActiveCfg = Release|Any CPU
		{E0409CC0-BD28-469E-A99D-E8EFABA513C7}.Release|Any CPU.Build.0 = Release|Any CPU
		{F0438D24-992B-40D5-9DF1-BE92DDC47712}.Debug|Any CPU.ActiveCfg = Debug|Any CPU
		{F0438D24-992B-40D5-9DF1-BE92DDC47712}.Debug|Any CPU.Build.0 = Debug|Any CPU
		{F0438D24-992B-40D5-9DF1-BE92DDC47712}.Release|Any CPU.ActiveCfg = Release|Any CPU
		{F0438D24-992B-40D5-9DF1-BE92DDC47712}.Release|Any CPU.Build.0 = Release|Any CPU
		{7CCA0748-4518-4D95-9253-2CB945D9B0A0}.Debug|Any CPU.ActiveCfg = Debug|Any CPU
		{7CCA0748-4518-4D95-9253-2CB945D9B0A0}.Debug|Any CPU.Build.0 = Debug|Any CPU
		{7CCA0748-4518-4D95-9253-2CB945D9B0A0}.Release|Any CPU.ActiveCfg = Release|Any CPU
		{7CCA0748-4518-4D95-9253-2CB945D9B0A0}.Release|Any CPU.Build.0 = Release|Any CPU
		{8ABFCA68-95F2-4C6B-A0F2-A2F1A0EF267E}.Debug|Any CPU.ActiveCfg = Debug|Any CPU
		{8ABFCA68-95F2-4C6B-A0F2-A2F1A0EF267E}.Debug|Any CPU.Build.0 = Debug|Any CPU
		{8ABFCA68-95F2-4C6B-A0F2-A2F1A0EF267E}.Release|Any CPU.ActiveCfg = Release|Any CPU
		{8ABFCA68-95F2-4C6B-A0F2-A2F1A0EF267E}.Release|Any CPU.Build.0 = Release|Any CPU
		{D02B9262-A1D0-460D-B4B5-8BF72F126F2E}.Debug|Any CPU.ActiveCfg = Debug|Any CPU
		{D02B9262-A1D0-460D-B4B5-8BF72F126F2E}.Debug|Any CPU.Build.0 = Debug|Any CPU
		{D02B9262-A1D0-460D-B4B5-8BF72F126F2E}.Release|Any CPU.ActiveCfg = Release|Any CPU
		{D02B9262-A1D0-460D-B4B5-8BF72F126F2E}.Release|Any CPU.Build.0 = Release|Any CPU
		{51E07266-61A9-45DF-B6B3-251B1E43156C}.Debug|Any CPU.ActiveCfg = Debug|Any CPU
		{51E07266-61A9-45DF-B6B3-251B1E43156C}.Debug|Any CPU.Build.0 = Debug|Any CPU
		{51E07266-61A9-45DF-B6B3-251B1E43156C}.Release|Any CPU.ActiveCfg = Release|Any CPU
		{51E07266-61A9-45DF-B6B3-251B1E43156C}.Release|Any CPU.Build.0 = Release|Any CPU
		{7C9E24A3-A43F-4AFB-BE3C-DBB0A1DD0F66}.Debug|Any CPU.ActiveCfg = Debug|Any CPU
		{7C9E24A3-A43F-4AFB-BE3C-DBB0A1DD0F66}.Debug|Any CPU.Build.0 = Debug|Any CPU
		{7C9E24A3-A43F-4AFB-BE3C-DBB0A1DD0F66}.Release|Any CPU.ActiveCfg = Release|Any CPU
		{7C9E24A3-A43F-4AFB-BE3C-DBB0A1DD0F66}.Release|Any CPU.Build.0 = Release|Any CPU
		{3F106C98-9576-41DA-A42E-283211C7CB24}.Debug|Any CPU.ActiveCfg = Debug|Any CPU
		{3F106C98-9576-41DA-A42E-283211C7CB24}.Debug|Any CPU.Build.0 = Debug|Any CPU
		{3F106C98-9576-41DA-A42E-283211C7CB24}.Release|Any CPU.ActiveCfg = Release|Any CPU
		{3F106C98-9576-41DA-A42E-283211C7CB24}.Release|Any CPU.Build.0 = Release|Any CPU
		{498D27AF-C4FC-4AFC-8720-0CDFD8EEFCEF}.Debug|Any CPU.ActiveCfg = Debug|Any CPU
		{498D27AF-C4FC-4AFC-8720-0CDFD8EEFCEF}.Debug|Any CPU.Build.0 = Debug|Any CPU
		{498D27AF-C4FC-4AFC-8720-0CDFD8EEFCEF}.Release|Any CPU.ActiveCfg = Release|Any CPU
		{498D27AF-C4FC-4AFC-8720-0CDFD8EEFCEF}.Release|Any CPU.Build.0 = Release|Any CPU
		{6A0F035A-9DB5-42C0-9254-D1AA22F5F44B}.Debug|Any CPU.ActiveCfg = Debug|Any CPU
		{6A0F035A-9DB5-42C0-9254-D1AA22F5F44B}.Debug|Any CPU.Build.0 = Debug|Any CPU
		{6A0F035A-9DB5-42C0-9254-D1AA22F5F44B}.Release|Any CPU.ActiveCfg = Release|Any CPU
		{6A0F035A-9DB5-42C0-9254-D1AA22F5F44B}.Release|Any CPU.Build.0 = Release|Any CPU
		{7BC4E7C5-F0F4-45FA-AC60-7315B8658C1D}.Debug|Any CPU.ActiveCfg = Debug|Any CPU
		{7BC4E7C5-F0F4-45FA-AC60-7315B8658C1D}.Debug|Any CPU.Build.0 = Debug|Any CPU
		{7BC4E7C5-F0F4-45FA-AC60-7315B8658C1D}.Release|Any CPU.ActiveCfg = Release|Any CPU
		{7BC4E7C5-F0F4-45FA-AC60-7315B8658C1D}.Release|Any CPU.Build.0 = Release|Any CPU
		{41394A04-481E-4D05-A8B6-83E4FB1AB943}.Debug|Any CPU.ActiveCfg = Debug|Any CPU
		{41394A04-481E-4D05-A8B6-83E4FB1AB943}.Debug|Any CPU.Build.0 = Debug|Any CPU
		{41394A04-481E-4D05-A8B6-83E4FB1AB943}.Release|Any CPU.ActiveCfg = Release|Any CPU
		{41394A04-481E-4D05-A8B6-83E4FB1AB943}.Release|Any CPU.Build.0 = Release|Any CPU
		{645EC654-DEF1-4E7C-A599-2C5A51583D2C}.Debug|Any CPU.ActiveCfg = Debug|Any CPU
		{645EC654-DEF1-4E7C-A599-2C5A51583D2C}.Debug|Any CPU.Build.0 = Debug|Any CPU
		{645EC654-DEF1-4E7C-A599-2C5A51583D2C}.Release|Any CPU.ActiveCfg = Release|Any CPU
		{645EC654-DEF1-4E7C-A599-2C5A51583D2C}.Release|Any CPU.Build.0 = Release|Any CPU
		{57B07A2D-3340-427E-B2A8-AE939346A2C0}.Debug|Any CPU.ActiveCfg = Debug|Any CPU
		{57B07A2D-3340-427E-B2A8-AE939346A2C0}.Debug|Any CPU.Build.0 = Debug|Any CPU
		{57B07A2D-3340-427E-B2A8-AE939346A2C0}.Release|Any CPU.ActiveCfg = Release|Any CPU
		{57B07A2D-3340-427E-B2A8-AE939346A2C0}.Release|Any CPU.Build.0 = Release|Any CPU
		{62A349E8-AF2D-4F2F-BD1E-0B4536B3B676}.Debug|Any CPU.ActiveCfg = Debug|Any CPU
		{62A349E8-AF2D-4F2F-BD1E-0B4536B3B676}.Debug|Any CPU.Build.0 = Debug|Any CPU
		{62A349E8-AF2D-4F2F-BD1E-0B4536B3B676}.Release|Any CPU.ActiveCfg = Release|Any CPU
		{62A349E8-AF2D-4F2F-BD1E-0B4536B3B676}.Release|Any CPU.Build.0 = Release|Any CPU
		{EFBADD3A-C4FE-4786-9966-DEF082DBBA39}.Debug|Any CPU.ActiveCfg = Debug|Any CPU
		{EFBADD3A-C4FE-4786-9966-DEF082DBBA39}.Debug|Any CPU.Build.0 = Debug|Any CPU
		{EFBADD3A-C4FE-4786-9966-DEF082DBBA39}.Release|Any CPU.ActiveCfg = Release|Any CPU
		{EFBADD3A-C4FE-4786-9966-DEF082DBBA39}.Release|Any CPU.Build.0 = Release|Any CPU
		{DC4A385A-2E2A-4B03-B508-1BB0C51857AA}.Debug|Any CPU.ActiveCfg = Debug|Any CPU
		{DC4A385A-2E2A-4B03-B508-1BB0C51857AA}.Debug|Any CPU.Build.0 = Debug|Any CPU
		{DC4A385A-2E2A-4B03-B508-1BB0C51857AA}.Release|Any CPU.ActiveCfg = Release|Any CPU
		{DC4A385A-2E2A-4B03-B508-1BB0C51857AA}.Release|Any CPU.Build.0 = Release|Any CPU
		{FBA3516F-EC67-4110-B59E-EB05DA31D14E}.Debug|Any CPU.ActiveCfg = Debug|Any CPU
		{FBA3516F-EC67-4110-B59E-EB05DA31D14E}.Debug|Any CPU.Build.0 = Debug|Any CPU
		{FBA3516F-EC67-4110-B59E-EB05DA31D14E}.Release|Any CPU.ActiveCfg = Release|Any CPU
		{FBA3516F-EC67-4110-B59E-EB05DA31D14E}.Release|Any CPU.Build.0 = Release|Any CPU
		{65BF55CE-DF12-49BA-840F-69F3FFDAF28C}.Debug|Any CPU.ActiveCfg = Debug|Any CPU
		{65BF55CE-DF12-49BA-840F-69F3FFDAF28C}.Debug|Any CPU.Build.0 = Debug|Any CPU
		{65BF55CE-DF12-49BA-840F-69F3FFDAF28C}.Release|Any CPU.ActiveCfg = Release|Any CPU
		{65BF55CE-DF12-49BA-840F-69F3FFDAF28C}.Release|Any CPU.Build.0 = Release|Any CPU
		{C4BC4458-E370-4C78-85F7-DF53DF94C8A7}.Debug|Any CPU.ActiveCfg = Debug|Any CPU
		{C4BC4458-E370-4C78-85F7-DF53DF94C8A7}.Debug|Any CPU.Build.0 = Debug|Any CPU
		{C4BC4458-E370-4C78-85F7-DF53DF94C8A7}.Release|Any CPU.ActiveCfg = Release|Any CPU
		{C4BC4458-E370-4C78-85F7-DF53DF94C8A7}.Release|Any CPU.Build.0 = Release|Any CPU
		{C4CC4B08-FFD7-4493-AFBD-991E544B6DDB}.Debug|Any CPU.ActiveCfg = Debug|Any CPU
		{C4CC4B08-FFD7-4493-AFBD-991E544B6DDB}.Debug|Any CPU.Build.0 = Debug|Any CPU
		{C4CC4B08-FFD7-4493-AFBD-991E544B6DDB}.Release|Any CPU.ActiveCfg = Release|Any CPU
		{C4CC4B08-FFD7-4493-AFBD-991E544B6DDB}.Release|Any CPU.Build.0 = Release|Any CPU
		{1C2CB8F8-DDA6-4829-B854-9F03C7E304FB}.Debug|Any CPU.ActiveCfg = Debug|Any CPU
		{1C2CB8F8-DDA6-4829-B854-9F03C7E304FB}.Debug|Any CPU.Build.0 = Debug|Any CPU
		{1C2CB8F8-DDA6-4829-B854-9F03C7E304FB}.Release|Any CPU.ActiveCfg = Release|Any CPU
		{1C2CB8F8-DDA6-4829-B854-9F03C7E304FB}.Release|Any CPU.Build.0 = Release|Any CPU
		{1F93D6E2-C30C-42CB-B5D2-9FAB35118B40}.Debug|Any CPU.ActiveCfg = Debug|Any CPU
		{1F93D6E2-C30C-42CB-B5D2-9FAB35118B40}.Debug|Any CPU.Build.0 = Debug|Any CPU
		{1F93D6E2-C30C-42CB-B5D2-9FAB35118B40}.Release|Any CPU.ActiveCfg = Release|Any CPU
		{1F93D6E2-C30C-42CB-B5D2-9FAB35118B40}.Release|Any CPU.Build.0 = Release|Any CPU
		{397AFE0E-FD14-4528-85A6-0C1D6813FC93}.Debug|Any CPU.ActiveCfg = Debug|Any CPU
		{397AFE0E-FD14-4528-85A6-0C1D6813FC93}.Debug|Any CPU.Build.0 = Debug|Any CPU
		{397AFE0E-FD14-4528-85A6-0C1D6813FC93}.Release|Any CPU.ActiveCfg = Release|Any CPU
		{397AFE0E-FD14-4528-85A6-0C1D6813FC93}.Release|Any CPU.Build.0 = Release|Any CPU
		{4C99F288-D534-4A47-A618-F66B1F291452}.Debug|Any CPU.ActiveCfg = Debug|Any CPU
		{4C99F288-D534-4A47-A618-F66B1F291452}.Debug|Any CPU.Build.0 = Debug|Any CPU
		{4C99F288-D534-4A47-A618-F66B1F291452}.Release|Any CPU.ActiveCfg = Release|Any CPU
		{4C99F288-D534-4A47-A618-F66B1F291452}.Release|Any CPU.Build.0 = Release|Any CPU
		{5FC93AEA-A1FC-44EF-B32A-6A05083893E9}.Debug|Any CPU.ActiveCfg = Debug|Any CPU
		{5FC93AEA-A1FC-44EF-B32A-6A05083893E9}.Debug|Any CPU.Build.0 = Debug|Any CPU
		{5FC93AEA-A1FC-44EF-B32A-6A05083893E9}.Release|Any CPU.ActiveCfg = Release|Any CPU
		{5FC93AEA-A1FC-44EF-B32A-6A05083893E9}.Release|Any CPU.Build.0 = Release|Any CPU
		{11660ABA-F267-46F4-A2C5-170D38AE4DD1}.Debug|Any CPU.ActiveCfg = Debug|Any CPU
		{11660ABA-F267-46F4-A2C5-170D38AE4DD1}.Debug|Any CPU.Build.0 = Debug|Any CPU
		{11660ABA-F267-46F4-A2C5-170D38AE4DD1}.Release|Any CPU.ActiveCfg = Release|Any CPU
		{11660ABA-F267-46F4-A2C5-170D38AE4DD1}.Release|Any CPU.Build.0 = Release|Any CPU
	EndGlobalSection
	GlobalSection(SolutionProperties) = preSolution
		HideSolutionNode = FALSE
	EndGlobalSection
	GlobalSection(NestedProjects) = preSolution
		{80D41B54-EA50-4304-BE7C-9CC514BD70CF} = {EB62E4AB-7476-4B8F-8F66-D4E7C234FFCA}
		{E0409CC0-BD28-469E-A99D-E8EFABA513C7} = {F2CC2EDA-AA8A-4760-9EE6-DAFC36B81905}
		{F0438D24-992B-40D5-9DF1-BE92DDC47712} = {ECD87C2C-89AD-41E5-9A21-13BD42BA7185}
		{7CCA0748-4518-4D95-9253-2CB945D9B0A0} = {91C1E181-9AF5-4E43-9258-6C39264F3508}
		{8ABFCA68-95F2-4C6B-A0F2-A2F1A0EF267E} = {91C1E181-9AF5-4E43-9258-6C39264F3508}
		{D02B9262-A1D0-460D-B4B5-8BF72F126F2E} = {91C1E181-9AF5-4E43-9258-6C39264F3508}
		{51E07266-61A9-45DF-B6B3-251B1E43156C} = {91C1E181-9AF5-4E43-9258-6C39264F3508}
		{7C9E24A3-A43F-4AFB-BE3C-DBB0A1DD0F66} = {EB62E4AB-7476-4B8F-8F66-D4E7C234FFCA}
		{3F106C98-9576-41DA-A42E-283211C7CB24} = {EB62E4AB-7476-4B8F-8F66-D4E7C234FFCA}
		{498D27AF-C4FC-4AFC-8720-0CDFD8EEFCEF} = {EB62E4AB-7476-4B8F-8F66-D4E7C234FFCA}
		{6A0F035A-9DB5-42C0-9254-D1AA22F5F44B} = {EB62E4AB-7476-4B8F-8F66-D4E7C234FFCA}
		{7BC4E7C5-F0F4-45FA-AC60-7315B8658C1D} = {91C1E181-9AF5-4E43-9258-6C39264F3508}
		{41394A04-481E-4D05-A8B6-83E4FB1AB943} = {6BD49019-48BB-45E3-8FE3-1F325FE36EF5}
		{645EC654-DEF1-4E7C-A599-2C5A51583D2C} = {6BD49019-48BB-45E3-8FE3-1F325FE36EF5}
		{57B07A2D-3340-427E-B2A8-AE939346A2C0} = {6BD49019-48BB-45E3-8FE3-1F325FE36EF5}
		{62A349E8-AF2D-4F2F-BD1E-0B4536B3B676} = {6BD49019-48BB-45E3-8FE3-1F325FE36EF5}
		{EFBADD3A-C4FE-4786-9966-DEF082DBBA39} = {6BD49019-48BB-45E3-8FE3-1F325FE36EF5}
		{DC4A385A-2E2A-4B03-B508-1BB0C51857AA} = {6701B36E-DEB2-4B0D-A7F4-BE1CE90399DD}
		{FBA3516F-EC67-4110-B59E-EB05DA31D14E} = {6701B36E-DEB2-4B0D-A7F4-BE1CE90399DD}
		{65BF55CE-DF12-49BA-840F-69F3FFDAF28C} = {6701B36E-DEB2-4B0D-A7F4-BE1CE90399DD}
		{C4BC4458-E370-4C78-85F7-DF53DF94C8A7} = {6701B36E-DEB2-4B0D-A7F4-BE1CE90399DD}
		{C4CC4B08-FFD7-4493-AFBD-991E544B6DDB} = {A38CFE14-B8C7-4441-ADB5-45094A847C86}
		{1C2CB8F8-DDA6-4829-B854-9F03C7E304FB} = {A38CFE14-B8C7-4441-ADB5-45094A847C86}
		{1F93D6E2-C30C-42CB-B5D2-9FAB35118B40} = {A38CFE14-B8C7-4441-ADB5-45094A847C86}
		{397AFE0E-FD14-4528-85A6-0C1D6813FC93} = {A38CFE14-B8C7-4441-ADB5-45094A847C86}
		{4C99F288-D534-4A47-A618-F66B1F291452} = {A38CFE14-B8C7-4441-ADB5-45094A847C86}
		{5FC93AEA-A1FC-44EF-B32A-6A05083893E9} = {06AA89A0-163F-4705-A7D2-F69477AC7B3B}
		{11660ABA-F267-46F4-A2C5-170D38AE4DD1} = {F2A5E9DE-CFCF-41F8-B58D-FAF792DA490D}
	EndGlobalSection
	GlobalSection(ExtensibilityGlobals) = postSolution
		SolutionGuid = {98434127-B94D-494C-8163-A18387C5D2C4}
	EndGlobalSection
EndGlobal
